// !$*UTF8*$!
{
	archiveVersion = 1;
	classes = {
	};
	objectVersion = 50;
	objects = {

/* Begin PBXBuildFile section */
		541BEA93232646DD00E7B2ED /* AppDelegate.swift in Sources */ = {isa = PBXBuildFile; fileRef = 541BEA92232646DD00E7B2ED /* AppDelegate.swift */; };
		541BEA95232646DD00E7B2ED /* ViewController.swift in Sources */ = {isa = PBXBuildFile; fileRef = 541BEA94232646DD00E7B2ED /* ViewController.swift */; };
		541BEA98232646DD00E7B2ED /* Main.storyboard in Resources */ = {isa = PBXBuildFile; fileRef = 541BEA96232646DD00E7B2ED /* Main.storyboard */; };
		541BEA9A232646DF00E7B2ED /* Assets.xcassets in Resources */ = {isa = PBXBuildFile; fileRef = 541BEA99232646DF00E7B2ED /* Assets.xcassets */; };
		541BEA9D232646DF00E7B2ED /* LaunchScreen.storyboard in Resources */ = {isa = PBXBuildFile; fileRef = 541BEA9B232646DF00E7B2ED /* LaunchScreen.storyboard */; };
		541BEAA8232646DF00E7B2ED /* ZenlaneTests.swift in Sources */ = {isa = PBXBuildFile; fileRef = 541BEAA7232646DF00E7B2ED /* ZenlaneTests.swift */; };
		541BEAB3232646DF00E7B2ED /* ZenlaneUITests.swift in Sources */ = {isa = PBXBuildFile; fileRef = 541BEAB2232646DF00E7B2ED /* ZenlaneUITests.swift */; };
		541BEAC123264A1E00E7B2ED /* CalculatorController.swift in Sources */ = {isa = PBXBuildFile; fileRef = 541BEAC023264A1E00E7B2ED /* CalculatorController.swift */; };
		54F2822623266544008C1CC7 /* SnapshotHelper.swift in Sources */ = {isa = PBXBuildFile; fileRef = 54F2822523266544008C1CC7 /* SnapshotHelper.swift */; };
/* End PBXBuildFile section */

/* Begin PBXContainerItemProxy section */
		541BEAA4232646DF00E7B2ED /* PBXContainerItemProxy */ = {
			isa = PBXContainerItemProxy;
			containerPortal = 541BEA87232646DD00E7B2ED /* Project object */;
			proxyType = 1;
			remoteGlobalIDString = 541BEA8E232646DD00E7B2ED;
			remoteInfo = Zenlane;
		};
		541BEAAF232646DF00E7B2ED /* PBXContainerItemProxy */ = {
			isa = PBXContainerItemProxy;
			containerPortal = 541BEA87232646DD00E7B2ED /* Project object */;
			proxyType = 1;
			remoteGlobalIDString = 541BEA8E232646DD00E7B2ED;
			remoteInfo = Zenlane;
		};
/* End PBXContainerItemProxy section */

/* Begin PBXFileReference section */
		541BEA8F232646DD00E7B2ED /* Zenlane.app */ = {isa = PBXFileReference; explicitFileType = wrapper.application; includeInIndex = 0; path = Zenlane.app; sourceTree = BUILT_PRODUCTS_DIR; };
		541BEA92232646DD00E7B2ED /* AppDelegate.swift */ = {isa = PBXFileReference; lastKnownFileType = sourcecode.swift; path = AppDelegate.swift; sourceTree = "<group>"; };
		541BEA94232646DD00E7B2ED /* ViewController.swift */ = {isa = PBXFileReference; lastKnownFileType = sourcecode.swift; path = ViewController.swift; sourceTree = "<group>"; };
		541BEA97232646DD00E7B2ED /* Base */ = {isa = PBXFileReference; lastKnownFileType = file.storyboard; name = Base; path = Base.lproj/Main.storyboard; sourceTree = "<group>"; };
		541BEA99232646DF00E7B2ED /* Assets.xcassets */ = {isa = PBXFileReference; lastKnownFileType = folder.assetcatalog; path = Assets.xcassets; sourceTree = "<group>"; };
		541BEA9C232646DF00E7B2ED /* Base */ = {isa = PBXFileReference; lastKnownFileType = file.storyboard; name = Base; path = Base.lproj/LaunchScreen.storyboard; sourceTree = "<group>"; };
		541BEA9E232646DF00E7B2ED /* Info.plist */ = {isa = PBXFileReference; lastKnownFileType = text.plist.xml; path = Info.plist; sourceTree = "<group>"; };
		541BEAA3232646DF00E7B2ED /* ZenlaneTests.xctest */ = {isa = PBXFileReference; explicitFileType = wrapper.cfbundle; includeInIndex = 0; path = ZenlaneTests.xctest; sourceTree = BUILT_PRODUCTS_DIR; };
		541BEAA7232646DF00E7B2ED /* ZenlaneTests.swift */ = {isa = PBXFileReference; lastKnownFileType = sourcecode.swift; path = ZenlaneTests.swift; sourceTree = "<group>"; };
		541BEAA9232646DF00E7B2ED /* Info.plist */ = {isa = PBXFileReference; lastKnownFileType = text.plist.xml; path = Info.plist; sourceTree = "<group>"; };
		541BEAAE232646DF00E7B2ED /* ZenlaneUITests.xctest */ = {isa = PBXFileReference; explicitFileType = wrapper.cfbundle; includeInIndex = 0; path = ZenlaneUITests.xctest; sourceTree = BUILT_PRODUCTS_DIR; };
		541BEAB2232646DF00E7B2ED /* ZenlaneUITests.swift */ = {isa = PBXFileReference; lastKnownFileType = sourcecode.swift; path = ZenlaneUITests.swift; sourceTree = "<group>"; };
		541BEAB4232646DF00E7B2ED /* Info.plist */ = {isa = PBXFileReference; lastKnownFileType = text.plist.xml; path = Info.plist; sourceTree = "<group>"; };
		541BEAC023264A1E00E7B2ED /* CalculatorController.swift */ = {isa = PBXFileReference; lastKnownFileType = sourcecode.swift; path = CalculatorController.swift; sourceTree = "<group>"; };
		541BEAC223264A5A00E7B2ED /* MyPlayground.playground */ = {isa = PBXFileReference; lastKnownFileType = file.playground; path = MyPlayground.playground; sourceTree = "<group>"; xcLanguageSpecificationIdentifier = xcode.lang.swift; };
		54F2822523266544008C1CC7 /* SnapshotHelper.swift */ = {isa = PBXFileReference; fileEncoding = 4; lastKnownFileType = sourcecode.swift; name = SnapshotHelper.swift; path = fastlane/SnapshotHelper.swift; sourceTree = SOURCE_ROOT; };
/* End PBXFileReference section */

/* Begin PBXFrameworksBuildPhase section */
		541BEA8C232646DD00E7B2ED /* Frameworks */ = {
			isa = PBXFrameworksBuildPhase;
			buildActionMask = 2147483647;
			files = (
			);
			runOnlyForDeploymentPostprocessing = 0;
		};
		541BEAA0232646DF00E7B2ED /* Frameworks */ = {
			isa = PBXFrameworksBuildPhase;
			buildActionMask = 2147483647;
			files = (
			);
			runOnlyForDeploymentPostprocessing = 0;
		};
		541BEAAB232646DF00E7B2ED /* Frameworks */ = {
			isa = PBXFrameworksBuildPhase;
			buildActionMask = 2147483647;
			files = (
			);
			runOnlyForDeploymentPostprocessing = 0;
		};
/* End PBXFrameworksBuildPhase section */

/* Begin PBXGroup section */
		541BEA86232646DD00E7B2ED = {
			isa = PBXGroup;
			children = (
				541BEA91232646DD00E7B2ED /* Zenlane */,
				541BEAA6232646DF00E7B2ED /* ZenlaneTests */,
				541BEAB1232646DF00E7B2ED /* ZenlaneUITests */,
				541BEA90232646DD00E7B2ED /* Products */,
			);
			sourceTree = "<group>";
		};
		541BEA90232646DD00E7B2ED /* Products */ = {
			isa = PBXGroup;
			children = (
				541BEA8F232646DD00E7B2ED /* Zenlane.app */,
				541BEAA3232646DF00E7B2ED /* ZenlaneTests.xctest */,
				541BEAAE232646DF00E7B2ED /* ZenlaneUITests.xctest */,
			);
			name = Products;
			sourceTree = "<group>";
		};
		541BEA91232646DD00E7B2ED /* Zenlane */ = {
			isa = PBXGroup;
			children = (
				541BEA92232646DD00E7B2ED /* AppDelegate.swift */,
				541BEA94232646DD00E7B2ED /* ViewController.swift */,
				541BEA96232646DD00E7B2ED /* Main.storyboard */,
				541BEA99232646DF00E7B2ED /* Assets.xcassets */,
				541BEA9B232646DF00E7B2ED /* LaunchScreen.storyboard */,
				541BEA9E232646DF00E7B2ED /* Info.plist */,
				541BEAC023264A1E00E7B2ED /* CalculatorController.swift */,
				541BEAC223264A5A00E7B2ED /* MyPlayground.playground */,
			);
			path = Zenlane;
			sourceTree = "<group>";
		};
		541BEAA6232646DF00E7B2ED /* ZenlaneTests */ = {
			isa = PBXGroup;
			children = (
				541BEAA7232646DF00E7B2ED /* ZenlaneTests.swift */,
				541BEAA9232646DF00E7B2ED /* Info.plist */,
			);
			path = ZenlaneTests;
			sourceTree = "<group>";
		};
		541BEAB1232646DF00E7B2ED /* ZenlaneUITests */ = {
			isa = PBXGroup;
			children = (
				54F2822523266544008C1CC7 /* SnapshotHelper.swift */,
				541BEAB2232646DF00E7B2ED /* ZenlaneUITests.swift */,
				541BEAB4232646DF00E7B2ED /* Info.plist */,
			);
			path = ZenlaneUITests;
			sourceTree = "<group>";
		};
/* End PBXGroup section */

/* Begin PBXNativeTarget section */
		541BEA8E232646DD00E7B2ED /* Zenlane */ = {
			isa = PBXNativeTarget;
			buildConfigurationList = 541BEAB7232646DF00E7B2ED /* Build configuration list for PBXNativeTarget "Zenlane" */;
			buildPhases = (
				541BEA8B232646DD00E7B2ED /* Sources */,
				541BEA8C232646DD00E7B2ED /* Frameworks */,
				541BEA8D232646DD00E7B2ED /* Resources */,
			);
			buildRules = (
			);
			dependencies = (
			);
			name = Zenlane;
			productName = Zenlane;
			productReference = 541BEA8F232646DD00E7B2ED /* Zenlane.app */;
			productType = "com.apple.product-type.application";
		};
		541BEAA2232646DF00E7B2ED /* ZenlaneTests */ = {
			isa = PBXNativeTarget;
			buildConfigurationList = 541BEABA232646DF00E7B2ED /* Build configuration list for PBXNativeTarget "ZenlaneTests" */;
			buildPhases = (
				541BEA9F232646DF00E7B2ED /* Sources */,
				541BEAA0232646DF00E7B2ED /* Frameworks */,
				541BEAA1232646DF00E7B2ED /* Resources */,
			);
			buildRules = (
			);
			dependencies = (
				541BEAA5232646DF00E7B2ED /* PBXTargetDependency */,
			);
			name = ZenlaneTests;
			productName = ZenlaneTests;
			productReference = 541BEAA3232646DF00E7B2ED /* ZenlaneTests.xctest */;
			productType = "com.apple.product-type.bundle.unit-test";
		};
		541BEAAD232646DF00E7B2ED /* ZenlaneUITests */ = {
			isa = PBXNativeTarget;
			buildConfigurationList = 541BEABD232646DF00E7B2ED /* Build configuration list for PBXNativeTarget "ZenlaneUITests" */;
			buildPhases = (
				541BEAAA232646DF00E7B2ED /* Sources */,
				541BEAAB232646DF00E7B2ED /* Frameworks */,
				541BEAAC232646DF00E7B2ED /* Resources */,
			);
			buildRules = (
			);
			dependencies = (
				541BEAB0232646DF00E7B2ED /* PBXTargetDependency */,
			);
			name = ZenlaneUITests;
			productName = ZenlaneUITests;
			productReference = 541BEAAE232646DF00E7B2ED /* ZenlaneUITests.xctest */;
			productType = "com.apple.product-type.bundle.ui-testing";
		};
/* End PBXNativeTarget section */

/* Begin PBXProject section */
		541BEA87232646DD00E7B2ED /* Project object */ = {
			isa = PBXProject;
			attributes = {
				LastSwiftUpdateCheck = 1030;
				LastUpgradeCheck = 1030;
				ORGANIZATIONNAME = "Guillermo Martinez Espina";
				TargetAttributes = {
					541BEA8E232646DD00E7B2ED = {
						CreatedOnToolsVersion = 10.3;
					};
					541BEAA2232646DF00E7B2ED = {
						CreatedOnToolsVersion = 10.3;
						TestTargetID = 541BEA8E232646DD00E7B2ED;
					};
					541BEAAD232646DF00E7B2ED = {
						CreatedOnToolsVersion = 10.3;
						TestTargetID = 541BEA8E232646DD00E7B2ED;
					};
				};
			};
			buildConfigurationList = 541BEA8A232646DD00E7B2ED /* Build configuration list for PBXProject "Zenlane" */;
			compatibilityVersion = "Xcode 9.3";
			developmentRegion = en;
			hasScannedForEncodings = 0;
			knownRegions = (
				en,
				Base,
			);
			mainGroup = 541BEA86232646DD00E7B2ED;
			productRefGroup = 541BEA90232646DD00E7B2ED /* Products */;
			projectDirPath = "";
			projectRoot = "";
			targets = (
				541BEA8E232646DD00E7B2ED /* Zenlane */,
				541BEAA2232646DF00E7B2ED /* ZenlaneTests */,
				541BEAAD232646DF00E7B2ED /* ZenlaneUITests */,
			);
		};
/* End PBXProject section */

/* Begin PBXResourcesBuildPhase section */
		541BEA8D232646DD00E7B2ED /* Resources */ = {
			isa = PBXResourcesBuildPhase;
			buildActionMask = 2147483647;
			files = (
				541BEA9D232646DF00E7B2ED /* LaunchScreen.storyboard in Resources */,
				541BEA9A232646DF00E7B2ED /* Assets.xcassets in Resources */,
				541BEA98232646DD00E7B2ED /* Main.storyboard in Resources */,
			);
			runOnlyForDeploymentPostprocessing = 0;
		};
		541BEAA1232646DF00E7B2ED /* Resources */ = {
			isa = PBXResourcesBuildPhase;
			buildActionMask = 2147483647;
			files = (
			);
			runOnlyForDeploymentPostprocessing = 0;
		};
		541BEAAC232646DF00E7B2ED /* Resources */ = {
			isa = PBXResourcesBuildPhase;
			buildActionMask = 2147483647;
			files = (
			);
			runOnlyForDeploymentPostprocessing = 0;
		};
/* End PBXResourcesBuildPhase section */

/* Begin PBXSourcesBuildPhase section */
		541BEA8B232646DD00E7B2ED /* Sources */ = {
			isa = PBXSourcesBuildPhase;
			buildActionMask = 2147483647;
			files = (
				541BEA95232646DD00E7B2ED /* ViewController.swift in Sources */,
				541BEAC123264A1E00E7B2ED /* CalculatorController.swift in Sources */,
				541BEA93232646DD00E7B2ED /* AppDelegate.swift in Sources */,
			);
			runOnlyForDeploymentPostprocessing = 0;
		};
		541BEA9F232646DF00E7B2ED /* Sources */ = {
			isa = PBXSourcesBuildPhase;
			buildActionMask = 2147483647;
			files = (
				541BEAA8232646DF00E7B2ED /* ZenlaneTests.swift in Sources */,
			);
			runOnlyForDeploymentPostprocessing = 0;
		};
		541BEAAA232646DF00E7B2ED /* Sources */ = {
			isa = PBXSourcesBuildPhase;
			buildActionMask = 2147483647;
			files = (
				541BEAB3232646DF00E7B2ED /* ZenlaneUITests.swift in Sources */,
				54F2822623266544008C1CC7 /* SnapshotHelper.swift in Sources */,
			);
			runOnlyForDeploymentPostprocessing = 0;
		};
/* End PBXSourcesBuildPhase section */

/* Begin PBXTargetDependency section */
		541BEAA5232646DF00E7B2ED /* PBXTargetDependency */ = {
			isa = PBXTargetDependency;
			target = 541BEA8E232646DD00E7B2ED /* Zenlane */;
			targetProxy = 541BEAA4232646DF00E7B2ED /* PBXContainerItemProxy */;
		};
		541BEAB0232646DF00E7B2ED /* PBXTargetDependency */ = {
			isa = PBXTargetDependency;
			target = 541BEA8E232646DD00E7B2ED /* Zenlane */;
			targetProxy = 541BEAAF232646DF00E7B2ED /* PBXContainerItemProxy */;
		};
/* End PBXTargetDependency section */

/* Begin PBXVariantGroup section */
		541BEA96232646DD00E7B2ED /* Main.storyboard */ = {
			isa = PBXVariantGroup;
			children = (
				541BEA97232646DD00E7B2ED /* Base */,
			);
			name = Main.storyboard;
			sourceTree = "<group>";
		};
		541BEA9B232646DF00E7B2ED /* LaunchScreen.storyboard */ = {
			isa = PBXVariantGroup;
			children = (
				541BEA9C232646DF00E7B2ED /* Base */,
			);
			name = LaunchScreen.storyboard;
			sourceTree = "<group>";
		};
/* End PBXVariantGroup section */

/* Begin XCBuildConfiguration section */
		541BEAB5232646DF00E7B2ED /* Debug */ = {
			isa = XCBuildConfiguration;
			buildSettings = {
				ALWAYS_SEARCH_USER_PATHS = NO;
				CLANG_ANALYZER_NONNULL = YES;
				CLANG_ANALYZER_NUMBER_OBJECT_CONVERSION = YES_AGGRESSIVE;
				CLANG_CXX_LANGUAGE_STANDARD = "gnu++14";
				CLANG_CXX_LIBRARY = "libc++";
				CLANG_ENABLE_MODULES = YES;
				CLANG_ENABLE_OBJC_ARC = YES;
				CLANG_ENABLE_OBJC_WEAK = YES;
				CLANG_WARN_BLOCK_CAPTURE_AUTORELEASING = YES;
				CLANG_WARN_BOOL_CONVERSION = YES;
				CLANG_WARN_COMMA = YES;
				CLANG_WARN_CONSTANT_CONVERSION = YES;
				CLANG_WARN_DEPRECATED_OBJC_IMPLEMENTATIONS = YES;
				CLANG_WARN_DIRECT_OBJC_ISA_USAGE = YES_ERROR;
				CLANG_WARN_DOCUMENTATION_COMMENTS = YES;
				CLANG_WARN_EMPTY_BODY = YES;
				CLANG_WARN_ENUM_CONVERSION = YES;
				CLANG_WARN_INFINITE_RECURSION = YES;
				CLANG_WARN_INT_CONVERSION = YES;
				CLANG_WARN_NON_LITERAL_NULL_CONVERSION = YES;
				CLANG_WARN_OBJC_IMPLICIT_RETAIN_SELF = YES;
				CLANG_WARN_OBJC_LITERAL_CONVERSION = YES;
				CLANG_WARN_OBJC_ROOT_CLASS = YES_ERROR;
				CLANG_WARN_RANGE_LOOP_ANALYSIS = YES;
				CLANG_WARN_STRICT_PROTOTYPES = YES;
				CLANG_WARN_SUSPICIOUS_MOVE = YES;
				CLANG_WARN_UNGUARDED_AVAILABILITY = YES_AGGRESSIVE;
				CLANG_WARN_UNREACHABLE_CODE = YES;
				CLANG_WARN__DUPLICATE_METHOD_MATCH = YES;
				CODE_SIGN_IDENTITY = "iPhone Developer";
				COPY_PHASE_STRIP = NO;
				DEBUG_INFORMATION_FORMAT = dwarf;
				ENABLE_STRICT_OBJC_MSGSEND = YES;
				ENABLE_TESTABILITY = YES;
				GCC_C_LANGUAGE_STANDARD = gnu11;
				GCC_DYNAMIC_NO_PIC = NO;
				GCC_NO_COMMON_BLOCKS = YES;
				GCC_OPTIMIZATION_LEVEL = 0;
				GCC_PREPROCESSOR_DEFINITIONS = (
					"DEBUG=1",
					"$(inherited)",
				);
				GCC_WARN_64_TO_32_BIT_CONVERSION = YES;
				GCC_WARN_ABOUT_RETURN_TYPE = YES_ERROR;
				GCC_WARN_UNDECLARED_SELECTOR = YES;
				GCC_WARN_UNINITIALIZED_AUTOS = YES_AGGRESSIVE;
				GCC_WARN_UNUSED_FUNCTION = YES;
				GCC_WARN_UNUSED_VARIABLE = YES;
				IPHONEOS_DEPLOYMENT_TARGET = 12.4;
				MTL_ENABLE_DEBUG_INFO = INCLUDE_SOURCE;
				MTL_FAST_MATH = YES;
				ONLY_ACTIVE_ARCH = YES;
				SDKROOT = iphoneos;
				SWIFT_ACTIVE_COMPILATION_CONDITIONS = DEBUG;
				SWIFT_OPTIMIZATION_LEVEL = "-Onone";
			};
			name = Debug;
		};
		541BEAB6232646DF00E7B2ED /* Release */ = {
			isa = XCBuildConfiguration;
			buildSettings = {
				ALWAYS_SEARCH_USER_PATHS = NO;
				CLANG_ANALYZER_NONNULL = YES;
				CLANG_ANALYZER_NUMBER_OBJECT_CONVERSION = YES_AGGRESSIVE;
				CLANG_CXX_LANGUAGE_STANDARD = "gnu++14";
				CLANG_CXX_LIBRARY = "libc++";
				CLANG_ENABLE_MODULES = YES;
				CLANG_ENABLE_OBJC_ARC = YES;
				CLANG_ENABLE_OBJC_WEAK = YES;
				CLANG_WARN_BLOCK_CAPTURE_AUTORELEASING = YES;
				CLANG_WARN_BOOL_CONVERSION = YES;
				CLANG_WARN_COMMA = YES;
				CLANG_WARN_CONSTANT_CONVERSION = YES;
				CLANG_WARN_DEPRECATED_OBJC_IMPLEMENTATIONS = YES;
				CLANG_WARN_DIRECT_OBJC_ISA_USAGE = YES_ERROR;
				CLANG_WARN_DOCUMENTATION_COMMENTS = YES;
				CLANG_WARN_EMPTY_BODY = YES;
				CLANG_WARN_ENUM_CONVERSION = YES;
				CLANG_WARN_INFINITE_RECURSION = YES;
				CLANG_WARN_INT_CONVERSION = YES;
				CLANG_WARN_NON_LITERAL_NULL_CONVERSION = YES;
				CLANG_WARN_OBJC_IMPLICIT_RETAIN_SELF = YES;
				CLANG_WARN_OBJC_LITERAL_CONVERSION = YES;
				CLANG_WARN_OBJC_ROOT_CLASS = YES_ERROR;
				CLANG_WARN_RANGE_LOOP_ANALYSIS = YES;
				CLANG_WARN_STRICT_PROTOTYPES = YES;
				CLANG_WARN_SUSPICIOUS_MOVE = YES;
				CLANG_WARN_UNGUARDED_AVAILABILITY = YES_AGGRESSIVE;
				CLANG_WARN_UNREACHABLE_CODE = YES;
				CLANG_WARN__DUPLICATE_METHOD_MATCH = YES;
				CODE_SIGN_IDENTITY = "iPhone Developer";
				COPY_PHASE_STRIP = NO;
				DEBUG_INFORMATION_FORMAT = "dwarf-with-dsym";
				ENABLE_NS_ASSERTIONS = NO;
				ENABLE_STRICT_OBJC_MSGSEND = YES;
				GCC_C_LANGUAGE_STANDARD = gnu11;
				GCC_NO_COMMON_BLOCKS = YES;
				GCC_WARN_64_TO_32_BIT_CONVERSION = YES;
				GCC_WARN_ABOUT_RETURN_TYPE = YES_ERROR;
				GCC_WARN_UNDECLARED_SELECTOR = YES;
				GCC_WARN_UNINITIALIZED_AUTOS = YES_AGGRESSIVE;
				GCC_WARN_UNUSED_FUNCTION = YES;
				GCC_WARN_UNUSED_VARIABLE = YES;
				IPHONEOS_DEPLOYMENT_TARGET = 12.4;
				MTL_ENABLE_DEBUG_INFO = NO;
				MTL_FAST_MATH = YES;
				SDKROOT = iphoneos;
				SWIFT_COMPILATION_MODE = wholemodule;
				SWIFT_OPTIMIZATION_LEVEL = "-O";
				VALIDATE_PRODUCT = YES;
			};
			name = Release;
		};
		541BEAB8232646DF00E7B2ED /* Debug */ = {
			isa = XCBuildConfiguration;
			buildSettings = {
				ASSETCATALOG_COMPILER_APPICON_NAME = AppIcon;
				CODE_SIGN_STYLE = Automatic;
				DEVELOPMENT_TEAM = BT3GCUSKP6;
				INFOPLIST_FILE = Zenlane/Info.plist;
				LD_RUNPATH_SEARCH_PATHS = (
					"$(inherited)",
					"@executable_path/Frameworks",
				);
				PRODUCT_BUNDLE_IDENTIFIER = com.gmotzespina.Zenlane;
				PRODUCT_NAME = "$(TARGET_NAME)";
				SWIFT_VERSION = 5.0;
				TARGETED_DEVICE_FAMILY = "1,2";
			};
			name = Debug;
		};
		541BEAB9232646DF00E7B2ED /* Release */ = {
			isa = XCBuildConfiguration;
			buildSettings = {
				ASSETCATALOG_COMPILER_APPICON_NAME = AppIcon;
				CODE_SIGN_STYLE = Automatic;
				DEVELOPMENT_TEAM = BT3GCUSKP6;
				INFOPLIST_FILE = Zenlane/Info.plist;
				LD_RUNPATH_SEARCH_PATHS = (
					"$(inherited)",
					"@executable_path/Frameworks",
				);
				PRODUCT_BUNDLE_IDENTIFIER = com.gmotzespina.Zenlane;
				PRODUCT_NAME = "$(TARGET_NAME)";
				SWIFT_VERSION = 5.0;
				TARGETED_DEVICE_FAMILY = "1,2";
			};
			name = Release;
		};
		541BEABB232646DF00E7B2ED /* Debug */ = {
			isa = XCBuildConfiguration;
			buildSettings = {
				ALWAYS_EMBED_SWIFT_STANDARD_LIBRARIES = YES;
				BUNDLE_LOADER = "$(TEST_HOST)";
				CODE_SIGN_STYLE = Automatic;
				DEVELOPMENT_TEAM = BT3GCUSKP6;
				INFOPLIST_FILE = ZenlaneTests/Info.plist;
				LD_RUNPATH_SEARCH_PATHS = (
					"$(inherited)",
					"@executable_path/Frameworks",
					"@loader_path/Frameworks",
				);
				PRODUCT_BUNDLE_IDENTIFIER = com.gmotzespina.ZenlaneTests;
				PRODUCT_NAME = "$(TARGET_NAME)";
				SWIFT_VERSION = 5.0;
				TARGETED_DEVICE_FAMILY = "1,2";
				TEST_HOST = "$(BUILT_PRODUCTS_DIR)/Zenlane.app/Zenlane";
			};
			name = Debug;
		};
		541BEABC232646DF00E7B2ED /* Release */ = {
			isa = XCBuildConfiguration;
			buildSettings = {
				ALWAYS_EMBED_SWIFT_STANDARD_LIBRARIES = YES;
				BUNDLE_LOADER = "$(TEST_HOST)";
				CODE_SIGN_STYLE = Automatic;
				DEVELOPMENT_TEAM = BT3GCUSKP6;
				INFOPLIST_FILE = ZenlaneTests/Info.plist;
				LD_RUNPATH_SEARCH_PATHS = (
					"$(inherited)",
					"@executable_path/Frameworks",
					"@loader_path/Frameworks",
				);
				PRODUCT_BUNDLE_IDENTIFIER = com.gmotzespina.ZenlaneTests;
				PRODUCT_NAME = "$(TARGET_NAME)";
				SWIFT_VERSION = 5.0;
				TARGETED_DEVICE_FAMILY = "1,2";
				TEST_HOST = "$(BUILT_PRODUCTS_DIR)/Zenlane.app/Zenlane";
			};
			name = Release;
		};
		541BEABE232646DF00E7B2ED /* Debug */ = {
			isa = XCBuildConfiguration;
			buildSettings = {
				ALWAYS_EMBED_SWIFT_STANDARD_LIBRARIES = YES;
				CODE_SIGN_STYLE = Automatic;
				DEVELOPMENT_TEAM = BT3GCUSKP6;
				INFOPLIST_FILE = ZenlaneUITests/Info.plist;
				LD_RUNPATH_SEARCH_PATHS = (
					"$(inherited)",
					"@executable_path/Frameworks",
					"@loader_path/Frameworks",
				);
				PRODUCT_BUNDLE_IDENTIFIER = com.gmotzespina.ZenlaneUITests;
				PRODUCT_NAME = "$(TARGET_NAME)";
				SWIFT_VERSION = 5.0;
				TARGETED_DEVICE_FAMILY = "1,2";
				TEST_TARGET_NAME = Zenlane;
			};
			name = Debug;
		};
		541BEABF232646DF00E7B2ED /* Release */ = {
			isa = XCBuildConfiguration;
			buildSettings = {
				ALWAYS_EMBED_SWIFT_STANDARD_LIBRARIES = YES;
				CODE_SIGN_STYLE = Automatic;
				DEVELOPMENT_TEAM = BT3GCUSKP6;
				INFOPLIST_FILE = ZenlaneUITests/Info.plist;
				LD_RUNPATH_SEARCH_PATHS = (
					"$(inherited)",
					"@executable_path/Frameworks",
					"@loader_path/Frameworks",
				);
				PRODUCT_BUNDLE_IDENTIFIER = com.gmotzespina.ZenlaneUITests;
				PRODUCT_NAME = "$(TARGET_NAME)";
				SWIFT_VERSION = 5.0;
				TARGETED_DEVICE_FAMILY = "1,2";
				TEST_TARGET_NAME = Zenlane;
			};
			name = Release;
		};
/* End XCBuildConfiguration section */

/* Begin XCConfigurationList section */
		541BEA8A232646DD00E7B2ED /* Build configuration list for PBXProject "Zenlane" */ = {
			isa = XCConfigurationList;
			buildConfigurations = (
				541BEAB5232646DF00E7B2ED /* Debug */,
				541BEAB6232646DF00E7B2ED /* Release */,
			);
			defaultConfigurationIsVisible = 0;
			defaultConfigurationName = Release;
		};
		541BEAB7232646DF00E7B2ED /* Build configuration list for PBXNativeTarget "Zenlane" */ = {
			isa = XCConfigurationList;
			buildConfigurations = (
				541BEAB8232646DF00E7B2ED /* Debug */,
				541BEAB9232646DF00E7B2ED /* Release */,
			);
			defaultConfigurationIsVisible = 0;
			defaultConfigurationName = Release;
		};
		541BEABA232646DF00E7B2ED /* Build configuration list for PBXNativeTarget "ZenlaneTests" */ = {
			isa = XCConfigurationList;
			buildConfigurations = (
				541BEABB232646DF00E7B2ED /* Debug */,
				541BEABC232646DF00E7B2ED /* Release */,
			);
			defaultConfigurationIsVisible = 0;
			defaultConfigurationName = Release;
		};
		541BEABD232646DF00E7B2ED /* Build configuration list for PBXNativeTarget "ZenlaneUITests" */ = {
			isa = XCConfigurationList;
			buildConfigurations = (
				541BEABE232646DF00E7B2ED /* Debug */,
				541BEABF232646DF00E7B2ED /* Release */,
			);
			defaultConfigurationIsVisible = 0;
			defaultConfigurationName = Release;
		};
/* End XCConfigurationList section */
	};
	rootObject = 541BEA87232646DD00E7B2ED /* Project object */;
}
